
Microsoft Visual Studio Solution File, Format Version 12.00
# Visual Studio Version 16
VisualStudioVersion = 16.0.33927.289
MinimumVisualStudioVersion = 10.0.40219.1
Project("{FAE04EC0-301F-11D3-BF4B-00C04F79EFBC}") = "CSHARP CODE BASE TEST  2B", "CSHARP CODE BASE TEST  2B\CSHARP CODE BASE TEST  2B.csproj", "{A1C20139-B38C-44A3-AF2A-A9B88AFAF4AA}"
EndProject
Global
	GlobalSection(SolutionConfigurationPlatforms) = preSolution
		Debug|Any CPU = Debug|Any CPU
		Release|Any CPU = Release|Any CPU
	EndGlobalSection
	GlobalSection(ProjectConfigurationPlatforms) = postSolution
		{A1C20139-B38C-44A3-AF2A-A9B88AFAF4AA}.Debug|Any CPU.ActiveCfg = Debug|Any CPU
		{A1C20139-B38C-44A3-AF2A-A9B88AFAF4AA}.Debug|Any CPU.Build.0 = Debug|Any CPU
		{A1C20139-B38C-44A3-AF2A-A9B88AFAF4AA}.Release|Any CPU.ActiveCfg = Release|Any CPU
		{A1C20139-B38C-44A3-AF2A-A9B88AFAF4AA}.Release|Any CPU.Build.0 = Release|Any CPU
	EndGlobalSection
	GlobalSection(SolutionProperties) = preSolution
		HideSolutionNode = FALSE
	EndGlobalSection
	GlobalSection(ExtensibilityGlobals) = postSolution
		SolutionGuid = {E8E9CD4A-C0ED-4D68-BF38-6BD7567E5790}
	EndGlobalSection
EndGlobal
