
Microsoft Visual Studio Solution File, Format Version 12.00
# Visual Studio Version 16
VisualStudioVersion = 16.0.33927.289
MinimumVisualStudioVersion = 10.0.40219.1
Project("{FAE04EC0-301F-11D3-BF4B-00C04F79EFBC}") = "C SHARP CODE BASE TEST1", "C SHARP CODE BASE TEST1\C SHARP CODE BASE TEST1.csproj", "{06B95BF7-84DD-4258-924B-CF1C30645327}"
EndProject
Global
	GlobalSection(SolutionConfigurationPlatforms) = preSolution
		Debug|Any CPU = Debug|Any CPU
		Release|Any CPU = Release|Any CPU
	EndGlobalSection
	GlobalSection(ProjectConfigurationPlatforms) = postSolution
		{06B95BF7-84DD-4258-924B-CF1C30645327}.Debug|Any CPU.ActiveCfg = Debug|Any CPU
		{06B95BF7-84DD-4258-924B-CF1C30645327}.Debug|Any CPU.Build.0 = Debug|Any CPU
		{06B95BF7-84DD-4258-924B-CF1C30645327}.Release|Any CPU.ActiveCfg = Release|Any CPU
		{06B95BF7-84DD-4258-924B-CF1C30645327}.Release|Any CPU.Build.0 = Release|Any CPU
	EndGlobalSection
	GlobalSection(SolutionProperties) = preSolution
		HideSolutionNode = FALSE
	EndGlobalSection
	GlobalSection(ExtensibilityGlobals) = postSolution
		SolutionGuid = {132F3399-590E-4D78-9512-45D0ED431D1C}
	EndGlobalSection
EndGlobal
